// !$*UTF8*$!
{
	archiveVersion = 1;
	classes = {
	};
	objectVersion = 46;
	objects = {

/* Begin PBXBuildFile section */
		EC17B5351C1C815F0031980E /* kucica.png in Resources */ = {isa = PBXBuildFile; fileRef = EC17B5341C1C815F0031980E /* kucica.png */; };
		EC17B5371C1C82DB0031980E /* trava.png in Resources */ = {isa = PBXBuildFile; fileRef = EC17B5361C1C82DB0031980E /* trava.png */; };
		EC17B5391C1C866B0031980E /* start.png in Resources */ = {isa = PBXBuildFile; fileRef = EC17B5381C1C866B0031980E /* start.png */; };
		EC5AF9621C21BB3A00542C1B /* iAd.framework in Frameworks */ = {isa = PBXBuildFile; fileRef = EC5AF9611C21BB3A00542C1B /* iAd.framework */; };
		EC5AF9641C246D3A00542C1B /* chickenCrashSound.wav in Resources */ = {isa = PBXBuildFile; fileRef = EC5AF9631C246D3A00542C1B /* chickenCrashSound.wav */; };
		EC5CA55D1C1C3E2D00F3A4A1 /* podloga2.png in Resources */ = {isa = PBXBuildFile; fileRef = EC5CA55C1C1C3E2D00F3A4A1 /* podloga2.png */; };
		EC62F11D1C18BD9100B5657C /* crvenaTipka1.png in Resources */ = {isa = PBXBuildFile; fileRef = EC62F11C1C18BD9100B5657C /* crvenaTipka1.png */; };
		EC62F1221C18EA4500B5657C /* gnijezdo.png in Resources */ = {isa = PBXBuildFile; fileRef = EC62F1211C18EA4500B5657C /* gnijezdo.png */; };
		EC62F1241C18ECB300B5657C /* kokosinjac2.png in Resources */ = {isa = PBXBuildFile; fileRef = EC62F1231C18ECB300B5657C /* kokosinjac2.png */; };
		EC62F12A1C19C12400B5657C /* kokaSjedi.png in Resources */ = {isa = PBXBuildFile; fileRef = EC62F1281C19C12400B5657C /* kokaSjedi.png */; };
		EC62F12D1C19CF2E00B5657C /* dim.sks in Resources */ = {isa = PBXBuildFile; fileRef = EC62F12B1C19CF2E00B5657C /* dim.sks */; };
		EC62F12E1C19CF2E00B5657C /* spark.png in Resources */ = {isa = PBXBuildFile; fileRef = EC62F12C1C19CF2E00B5657C /* spark.png */; };
		EC62F1301C19DD1900B5657C /* glavaKoke.png in Resources */ = {isa = PBXBuildFile; fileRef = EC62F12F1C19DD1900B5657C /* glavaKoke.png */; };
		EC62F1321C19DD2200B5657C /* zjenice.png in Resources */ = {isa = PBXBuildFile; fileRef = EC62F1311C19DD2200B5657C /* zjenice.png */; };
		EC62F1391C1B31B300B5657C /* kokaLeti0.png in Resources */ = {isa = PBXBuildFile; fileRef = EC62F1331C1B31B300B5657C /* kokaLeti0.png */; };
		EC62F13A1C1B31B300B5657C /* kokaLeti1.png in Resources */ = {isa = PBXBuildFile; fileRef = EC62F1341C1B31B300B5657C /* kokaLeti1.png */; };
		EC62F13B1C1B31B300B5657C /* kokaLeti2.png in Resources */ = {isa = PBXBuildFile; fileRef = EC62F1351C1B31B300B5657C /* kokaLeti2.png */; };
		EC62F13C1C1B31B300B5657C /* kokaLeti3.png in Resources */ = {isa = PBXBuildFile; fileRef = EC62F1361C1B31B300B5657C /* kokaLeti3.png */; };
		EC62F13D1C1B31B300B5657C /* kokaLeti4.png in Resources */ = {isa = PBXBuildFile; fileRef = EC62F1371C1B31B300B5657C /* kokaLeti4.png */; };
		EC62F13E1C1B31B300B5657C /* kokaLeti5.png in Resources */ = {isa = PBXBuildFile; fileRef = EC62F1381C1B31B300B5657C /* kokaLeti5.png */; };
		EC62F1441C1B31D000B5657C /* kokaCupka0.png in Resources */ = {isa = PBXBuildFile; fileRef = EC62F13F1C1B31D000B5657C /* kokaCupka0.png */; };
		EC62F1451C1B31D000B5657C /* kokaCupka1.png in Resources */ = {isa = PBXBuildFile; fileRef = EC62F1401C1B31D000B5657C /* kokaCupka1.png */; };
		EC62F1461C1B31D000B5657C /* kokaCupka2.png in Resources */ = {isa = PBXBuildFile; fileRef = EC62F1411C1B31D000B5657C /* kokaCupka2.png */; };
		EC62F1471C1B31D000B5657C /* kokaCupka3.png in Resources */ = {isa = PBXBuildFile; fileRef = EC62F1421C1B31D000B5657C /* kokaCupka3.png */; };
		EC62F1481C1B31D000B5657C /* kokaCupka4.png in Resources */ = {isa = PBXBuildFile; fileRef = EC62F1431C1B31D000B5657C /* kokaCupka4.png */; };
		EC678F931C1891FD003D80D4 /* main.m in Sources */ = {isa = PBXBuildFile; fileRef = EC678F921C1891FD003D80D4 /* main.m */; };
		EC678F961C1891FD003D80D4 /* AppDelegate.m in Sources */ = {isa = PBXBuildFile; fileRef = EC678F951C1891FD003D80D4 /* AppDelegate.m */; };
		EC678F991C1891FD003D80D4 /* GameScene.m in Sources */ = {isa = PBXBuildFile; fileRef = EC678F981C1891FD003D80D4 /* GameScene.m */; };
		EC678F9B1C1891FD003D80D4 /* GameScene.sks in Resources */ = {isa = PBXBuildFile; fileRef = EC678F9A1C1891FD003D80D4 /* GameScene.sks */; };
		EC678F9E1C1891FD003D80D4 /* GameViewController.m in Sources */ = {isa = PBXBuildFile; fileRef = EC678F9D1C1891FD003D80D4 /* GameViewController.m */; };
		EC678FA11C1891FD003D80D4 /* Main.storyboard in Resources */ = {isa = PBXBuildFile; fileRef = EC678F9F1C1891FD003D80D4 /* Main.storyboard */; };
		EC678FA31C1891FD003D80D4 /* Assets.xcassets in Resources */ = {isa = PBXBuildFile; fileRef = EC678FA21C1891FD003D80D4 /* Assets.xcassets */; };
		EC678FA61C1891FD003D80D4 /* LaunchScreen.storyboard in Resources */ = {isa = PBXBuildFile; fileRef = EC678FA41C1891FD003D80D4 /* LaunchScreen.storyboard */; };
		EC678FB11C1891FD003D80D4 /* HighChickenTests.m in Sources */ = {isa = PBXBuildFile; fileRef = EC678FB01C1891FD003D80D4 /* HighChickenTests.m */; };
		EC678FBC1C1891FD003D80D4 /* HighChickenUITests.m in Sources */ = {isa = PBXBuildFile; fileRef = EC678FBB1C1891FD003D80D4 /* HighChickenUITests.m */; };
		EC678FCB1C18BA07003D80D4 /* igraScena.m in Sources */ = {isa = PBXBuildFile; fileRef = EC678FCA1C18BA07003D80D4 /* igraScena.m */; };
		EC6AB57D1C1F1A920023C80A /* kokaPala1.png in Resources */ = {isa = PBXBuildFile; fileRef = EC6AB5791C1F1A920023C80A /* kokaPala1.png */; };
		EC6AB57E1C1F1A920023C80A /* kokaPala2.png in Resources */ = {isa = PBXBuildFile; fileRef = EC6AB57A1C1F1A920023C80A /* kokaPala2.png */; };
		EC6AB57F1C1F1A920023C80A /* kokaPala3.png in Resources */ = {isa = PBXBuildFile; fileRef = EC6AB57B1C1F1A920023C80A /* kokaPala3.png */; };
		EC6AB5801C1F1A920023C80A /* kokaPala4.png in Resources */ = {isa = PBXBuildFile; fileRef = EC6AB57C1C1F1A920023C80A /* kokaPala4.png */; };
		EC7B68CD1C2326E600239879 /* twiter.png in Resources */ = {isa = PBXBuildFile; fileRef = EC7B68CC1C2326E600239879 /* twiter.png */; };
		EC7B68CF1C2326EF00239879 /* facebook.png in Resources */ = {isa = PBXBuildFile; fileRef = EC7B68CE1C2326EF00239879 /* facebook.png */; };
		EC7B68D11C2343BB00239879 /* Social.framework in Frameworks */ = {isa = PBXBuildFile; fileRef = EC7B68D01C2343BB00239879 /* Social.framework */; };
		EC7B68D31C23444200239879 /* Twitter.framework in Frameworks */ = {isa = PBXBuildFile; fileRef = EC7B68D21C23444200239879 /* Twitter.framework */; };
		ECDE20DE1C1CAA110031CE5F /* ograda.png in Resources */ = {isa = PBXBuildFile; fileRef = ECDE20DD1C1CAA110031CE5F /* ograda.png */; };
		ECDE21191C1DF2DE0031CE5F /* oblak1.png in Resources */ = {isa = PBXBuildFile; fileRef = ECDE21141C1DF2DE0031CE5F /* oblak1.png */; };
		ECDE211A1C1DF2DE0031CE5F /* oblak2.png in Resources */ = {isa = PBXBuildFile; fileRef = ECDE21151C1DF2DE0031CE5F /* oblak2.png */; };
		ECDE211B1C1DF2DE0031CE5F /* oblak3.png in Resources */ = {isa = PBXBuildFile; fileRef = ECDE21161C1DF2DE0031CE5F /* oblak3.png */; };
		ECDE211D1C1DF2DE0031CE5F /* oblak5.png in Resources */ = {isa = PBXBuildFile; fileRef = ECDE21181C1DF2DE0031CE5F /* oblak5.png */; };
		ECDE211F1C1F65740031CE5F /* puff.png in Resources */ = {isa = PBXBuildFile; fileRef = ECDE211E1C1F65740031CE5F /* puff.png */; };
		ECDE21211C1F76360031CE5F /* oblak4.png in Resources */ = {isa = PBXBuildFile; fileRef = ECDE21201C1F76360031CE5F /* oblak4.png */; };
		ECDE21231C1F77220031CE5F /* sjena.png in Resources */ = {isa = PBXBuildFile; fileRef = ECDE21221C1F77220031CE5F /* sjena.png */; };
		ECE107001C206D8100437EE3 /* AVFoundation.framework in Frameworks */ = {isa = PBXBuildFile; fileRef = ECE106FF1C206D8100437EE3 /* AVFoundation.framework */; };
		ECE1070B1C208E5000437EE3 /* GameOverSound.mp3 in Resources */ = {isa = PBXBuildFile; fileRef = ECE107071C208E5000437EE3 /* GameOverSound.mp3 */; };
		ECE1070C1C208E5000437EE3 /* let.mp3 in Resources */ = {isa = PBXBuildFile; fileRef = ECE107081C208E5000437EE3 /* let.mp3 */; };
		ECE1070D1C208E5000437EE3 /* Rege.mp3 in Resources */ = {isa = PBXBuildFile; fileRef = ECE107091C208E5000437EE3 /* Rege.mp3 */; };
		ECE1070E1C208E5000437EE3 /* WinSound.mp3 in Resources */ = {isa = PBXBuildFile; fileRef = ECE1070A1C208E5000437EE3 /* WinSound.mp3 */; };
		ECF1A9FD1C2059FC005829A0 /* GameKit.framework in Frameworks */ = {isa = PBXBuildFile; fileRef = ECF1A9FC1C2059FC005829A0 /* GameKit.framework */; };
		ECF1AA001C205B3B005829A0 /* gameCenterFiles.m in Sources */ = {isa = PBXBuildFile; fileRef = ECF1A9FF1C205B3B005829A0 /* gameCenterFiles.m */; };
		ECFB9CC31C1DE3A5008A3E96 /* izbornik.png in Resources */ = {isa = PBXBuildFile; fileRef = ECFB9CC21C1DE3A5008A3E96 /* izbornik.png */; };
		ECFB9CC51C1DE448008A3E96 /* play.png in Resources */ = {isa = PBXBuildFile; fileRef = ECFB9CC41C1DE448008A3E96 /* play.png */; };
		ECFB9CC91C1DE7A3008A3E96 /* leaderboard.png in Resources */ = {isa = PBXBuildFile; fileRef = ECFB9CC81C1DE7A3008A3E96 /* leaderboard.png */; };
		ECFB9CCB1C1DEA0C008A3E96 /* youLose.png in Resources */ = {isa = PBXBuildFile; fileRef = ECFB9CCA1C1DEA0C008A3E96 /* youLose.png */; };
		ECFB9CCD1C1DEBE6008A3E96 /* youWin.png in Resources */ = {isa = PBXBuildFile; fileRef = ECFB9CCC1C1DEBE6008A3E96 /* youWin.png */; };
		ECFB9CCF1C1DEEB1008A3E96 /* next.png in Resources */ = {isa = PBXBuildFile; fileRef = ECFB9CCE1C1DEEB1008A3E96 /* next.png */; };
/* End PBXBuildFile section */

/* Begin PBXContainerItemProxy section */
		EC678FAD1C1891FD003D80D4 /* PBXContainerItemProxy */ = {
			isa = PBXContainerItemProxy;
			containerPortal = EC678F861C1891FD003D80D4 /* Project object */;
			proxyType = 1;
			remoteGlobalIDString = EC678F8D1C1891FD003D80D4;
			remoteInfo = HighChicken;
		};
		EC678FB81C1891FD003D80D4 /* PBXContainerItemProxy */ = {
			isa = PBXContainerItemProxy;
			containerPortal = EC678F861C1891FD003D80D4 /* Project object */;
			proxyType = 1;
			remoteGlobalIDString = EC678F8D1C1891FD003D80D4;
			remoteInfo = HighChicken;
		};
/* End PBXContainerItemProxy section */

/* Begin PBXFileReference section */
		EC17B5341C1C815F0031980E /* kucica.png */ = {isa = PBXFileReference; lastKnownFileType = image.png; path = kucica.png; sourceTree = "<group>"; };
		EC17B5361C1C82DB0031980E /* trava.png */ = {isa = PBXFileReference; lastKnownFileType = image.png; path = trava.png; sourceTree = "<group>"; };
		EC17B5381C1C866B0031980E /* start.png */ = {isa = PBXFileReference; lastKnownFileType = image.png; path = start.png; sourceTree = "<group>"; };
		EC5AF9611C21BB3A00542C1B /* iAd.framework */ = {isa = PBXFileReference; lastKnownFileType = wrapper.framework; name = iAd.framework; path = System/Library/Frameworks/iAd.framework; sourceTree = SDKROOT; };
		EC5AF9631C246D3A00542C1B /* chickenCrashSound.wav */ = {isa = PBXFileReference; lastKnownFileType = audio.wav; path = chickenCrashSound.wav; sourceTree = "<group>"; };
		EC5CA55C1C1C3E2D00F3A4A1 /* podloga2.png */ = {isa = PBXFileReference; lastKnownFileType = image.png; path = podloga2.png; sourceTree = "<group>"; };
		EC62F11C1C18BD9100B5657C /* crvenaTipka1.png */ = {isa = PBXFileReference; lastKnownFileType = image.png; name = crvenaTipka1.png; path = HighChicken/crvenaTipka1.png; sourceTree = "<group>"; };
		EC62F1211C18EA4500B5657C /* gnijezdo.png */ = {isa = PBXFileReference; lastKnownFileType = image.png; path = gnijezdo.png; sourceTree = "<group>"; };
		EC62F1231C18ECB300B5657C /* kokosinjac2.png */ = {isa = PBXFileReference; lastKnownFileType = image.png; path = kokosinjac2.png; sourceTree = "<group>"; };
		EC62F1281C19C12400B5657C /* kokaSjedi.png */ = {isa = PBXFileReference; lastKnownFileType = image.png; path = kokaSjedi.png; sourceTree = "<group>"; };
		EC62F12B1C19CF2E00B5657C /* dim.sks */ = {isa = PBXFileReference; lastKnownFileType = file.sks; path = dim.sks; sourceTree = "<group>"; };
		EC62F12C1C19CF2E00B5657C /* spark.png */ = {isa = PBXFileReference; lastKnownFileType = image.png; path = spark.png; sourceTree = "<group>"; };
		EC62F12F1C19DD1900B5657C /* glavaKoke.png */ = {isa = PBXFileReference; lastKnownFileType = image.png; path = glavaKoke.png; sourceTree = "<group>"; };
		EC62F1311C19DD2200B5657C /* zjenice.png */ = {isa = PBXFileReference; lastKnownFileType = image.png; path = zjenice.png; sourceTree = "<group>"; };
		EC62F1331C1B31B300B5657C /* kokaLeti0.png */ = {isa = PBXFileReference; lastKnownFileType = image.png; path = kokaLeti0.png; sourceTree = "<group>"; };
		EC62F1341C1B31B300B5657C /* kokaLeti1.png */ = {isa = PBXFileReference; lastKnownFileType = image.png; path = kokaLeti1.png; sourceTree = "<group>"; };
		EC62F1351C1B31B300B5657C /* kokaLeti2.png */ = {isa = PBXFileReference; lastKnownFileType = image.png; path = kokaLeti2.png; sourceTree = "<group>"; };
		EC62F1361C1B31B300B5657C /* kokaLeti3.png */ = {isa = PBXFileReference; lastKnownFileType = image.png; path = kokaLeti3.png; sourceTree = "<group>"; };
		EC62F1371C1B31B300B5657C /* kokaLeti4.png */ = {isa = PBXFileReference; lastKnownFileType = image.png; path = kokaLeti4.png; sourceTree = "<group>"; };
		EC62F1381C1B31B300B5657C /* kokaLeti5.png */ = {isa = PBXFileReference; lastKnownFileType = image.png; path = kokaLeti5.png; sourceTree = "<group>"; };
		EC62F13F1C1B31D000B5657C /* kokaCupka0.png */ = {isa = PBXFileReference; lastKnownFileType = image.png; path = kokaCupka0.png; sourceTree = "<group>"; };
		EC62F1401C1B31D000B5657C /* kokaCupka1.png */ = {isa = PBXFileReference; lastKnownFileType = image.png; path = kokaCupka1.png; sourceTree = "<group>"; };
		EC62F1411C1B31D000B5657C /* kokaCupka2.png */ = {isa = PBXFileReference; lastKnownFileType = image.png; path = kokaCupka2.png; sourceTree = "<group>"; };
		EC62F1421C1B31D000B5657C /* kokaCupka3.png */ = {isa = PBXFileReference; lastKnownFileType = image.png; path = kokaCupka3.png; sourceTree = "<group>"; };
		EC62F1431C1B31D000B5657C /* kokaCupka4.png */ = {isa = PBXFileReference; lastKnownFileType = image.png; path = kokaCupka4.png; sourceTree = "<group>"; };
		EC678F8E1C1891FD003D80D4 /* HighChicken.app */ = {isa = PBXFileReference; explicitFileType = wrapper.application; includeInIndex = 0; path = HighChicken.app; sourceTree = BUILT_PRODUCTS_DIR; };
		EC678F921C1891FD003D80D4 /* main.m */ = {isa = PBXFileReference; lastKnownFileType = sourcecode.c.objc; path = main.m; sourceTree = "<group>"; };
		EC678F941C1891FD003D80D4 /* AppDelegate.h */ = {isa = PBXFileReference; lastKnownFileType = sourcecode.c.h; path = AppDelegate.h; sourceTree = "<group>"; };
		EC678F951C1891FD003D80D4 /* AppDelegate.m */ = {isa = PBXFileReference; lastKnownFileType = sourcecode.c.objc; path = AppDelegate.m; sourceTree = "<group>"; };
		EC678F971C1891FD003D80D4 /* GameScene.h */ = {isa = PBXFileReference; lastKnownFileType = sourcecode.c.h; path = GameScene.h; sourceTree = "<group>"; };
		EC678F981C1891FD003D80D4 /* GameScene.m */ = {isa = PBXFileReference; lastKnownFileType = sourcecode.c.objc; path = GameScene.m; sourceTree = "<group>"; };
		EC678F9A1C1891FD003D80D4 /* GameScene.sks */ = {isa = PBXFileReference; lastKnownFileType = file.sks; path = GameScene.sks; sourceTree = "<group>"; };
		EC678F9C1C1891FD003D80D4 /* GameViewController.h */ = {isa = PBXFileReference; lastKnownFileType = sourcecode.c.h; path = GameViewController.h; sourceTree = "<group>"; };
		EC678F9D1C1891FD003D80D4 /* GameViewController.m */ = {isa = PBXFileReference; lastKnownFileType = sourcecode.c.objc; path = GameViewController.m; sourceTree = "<group>"; };
		EC678FA01C1891FD003D80D4 /* Base */ = {isa = PBXFileReference; lastKnownFileType = file.storyboard; name = Base; path = Base.lproj/Main.storyboard; sourceTree = "<group>"; };
		EC678FA21C1891FD003D80D4 /* Assets.xcassets */ = {isa = PBXFileReference; lastKnownFileType = folder.assetcatalog; path = Assets.xcassets; sourceTree = "<group>"; };
		EC678FA51C1891FD003D80D4 /* Base */ = {isa = PBXFileReference; lastKnownFileType = file.storyboard; name = Base; path = Base.lproj/LaunchScreen.storyboard; sourceTree = "<group>"; };
		EC678FA71C1891FD003D80D4 /* Info.plist */ = {isa = PBXFileReference; lastKnownFileType = text.plist.xml; path = Info.plist; sourceTree = "<group>"; };
		EC678FAC1C1891FD003D80D4 /* HighChickenTests.xctest */ = {isa = PBXFileReference; explicitFileType = wrapper.cfbundle; includeInIndex = 0; path = HighChickenTests.xctest; sourceTree = BUILT_PRODUCTS_DIR; };
		EC678FB01C1891FD003D80D4 /* HighChickenTests.m */ = {isa = PBXFileReference; lastKnownFileType = sourcecode.c.objc; path = HighChickenTests.m; sourceTree = "<group>"; };
		EC678FB21C1891FD003D80D4 /* Info.plist */ = {isa = PBXFileReference; lastKnownFileType = text.plist.xml; path = Info.plist; sourceTree = "<group>"; };
		EC678FB71C1891FD003D80D4 /* HighChickenUITests.xctest */ = {isa = PBXFileReference; explicitFileType = wrapper.cfbundle; includeInIndex = 0; path = HighChickenUITests.xctest; sourceTree = BUILT_PRODUCTS_DIR; };
		EC678FBB1C1891FD003D80D4 /* HighChickenUITests.m */ = {isa = PBXFileReference; lastKnownFileType = sourcecode.c.objc; path = HighChickenUITests.m; sourceTree = "<group>"; };
		EC678FBD1C1891FD003D80D4 /* Info.plist */ = {isa = PBXFileReference; lastKnownFileType = text.plist.xml; path = Info.plist; sourceTree = "<group>"; };
		EC678FC91C18BA07003D80D4 /* igraScena.h */ = {isa = PBXFileReference; fileEncoding = 4; lastKnownFileType = sourcecode.c.h; name = igraScena.h; path = ../igraScena.h; sourceTree = "<group>"; };
		EC678FCA1C18BA07003D80D4 /* igraScena.m */ = {isa = PBXFileReference; fileEncoding = 4; lastKnownFileType = sourcecode.c.objc; name = igraScena.m; path = ../igraScena.m; sourceTree = "<group>"; };
		EC6AB5791C1F1A920023C80A /* kokaPala1.png */ = {isa = PBXFileReference; lastKnownFileType = image.png; path = kokaPala1.png; sourceTree = "<group>"; };
		EC6AB57A1C1F1A920023C80A /* kokaPala2.png */ = {isa = PBXFileReference; lastKnownFileType = image.png; path = kokaPala2.png; sourceTree = "<group>"; };
		EC6AB57B1C1F1A920023C80A /* kokaPala3.png */ = {isa = PBXFileReference; lastKnownFileType = image.png; path = kokaPala3.png; sourceTree = "<group>"; };
		EC6AB57C1C1F1A920023C80A /* kokaPala4.png */ = {isa = PBXFileReference; lastKnownFileType = image.png; path = kokaPala4.png; sourceTree = "<group>"; };
		EC7B68CC1C2326E600239879 /* twiter.png */ = {isa = PBXFileReference; lastKnownFileType = image.png; path = twiter.png; sourceTree = "<group>"; };
		EC7B68CE1C2326EF00239879 /* facebook.png */ = {isa = PBXFileReference; lastKnownFileType = image.png; path = facebook.png; sourceTree = "<group>"; };
		EC7B68D01C2343BB00239879 /* Social.framework */ = {isa = PBXFileReference; lastKnownFileType = wrapper.framework; name = Social.framework; path = System/Library/Frameworks/Social.framework; sourceTree = SDKROOT; };
		EC7B68D21C23444200239879 /* Twitter.framework */ = {isa = PBXFileReference; lastKnownFileType = wrapper.framework; name = Twitter.framework; path = System/Library/Frameworks/Twitter.framework; sourceTree = SDKROOT; };
		ECDE20DD1C1CAA110031CE5F /* ograda.png */ = {isa = PBXFileReference; lastKnownFileType = image.png; path = ograda.png; sourceTree = "<group>"; };
		ECDE21141C1DF2DE0031CE5F /* oblak1.png */ = {isa = PBXFileReference; lastKnownFileType = image.png; path = oblak1.png; sourceTree = "<group>"; };
		ECDE21151C1DF2DE0031CE5F /* oblak2.png */ = {isa = PBXFileReference; lastKnownFileType = image.png; path = oblak2.png; sourceTree = "<group>"; };
		ECDE21161C1DF2DE0031CE5F /* oblak3.png */ = {isa = PBXFileReference; lastKnownFileType = image.png; path = oblak3.png; sourceTree = "<group>"; };
		ECDE21181C1DF2DE0031CE5F /* oblak5.png */ = {isa = PBXFileReference; lastKnownFileType = image.png; path = oblak5.png; sourceTree = "<group>"; };
		ECDE211E1C1F65740031CE5F /* puff.png */ = {isa = PBXFileReference; lastKnownFileType = image.png; path = puff.png; sourceTree = "<group>"; };
		ECDE21201C1F76360031CE5F /* oblak4.png */ = {isa = PBXFileReference; lastKnownFileType = image.png; path = oblak4.png; sourceTree = "<group>"; };
		ECDE21221C1F77220031CE5F /* sjena.png */ = {isa = PBXFileReference; lastKnownFileType = image.png; path = sjena.png; sourceTree = "<group>"; };
		ECE106FF1C206D8100437EE3 /* AVFoundation.framework */ = {isa = PBXFileReference; lastKnownFileType = wrapper.framework; name = AVFoundation.framework; path = System/Library/Frameworks/AVFoundation.framework; sourceTree = SDKROOT; };
		ECE107071C208E5000437EE3 /* GameOverSound.mp3 */ = {isa = PBXFileReference; lastKnownFileType = audio.mp3; name = GameOverSound.mp3; path = ../GameOverSound.mp3; sourceTree = "<group>"; };
		ECE107081C208E5000437EE3 /* let.mp3 */ = {isa = PBXFileReference; lastKnownFileType = audio.mp3; name = let.mp3; path = ../let.mp3; sourceTree = "<group>"; };
		ECE107091C208E5000437EE3 /* Rege.mp3 */ = {isa = PBXFileReference; lastKnownFileType = audio.mp3; name = Rege.mp3; path = ../Rege.mp3; sourceTree = "<group>"; };
		ECE1070A1C208E5000437EE3 /* WinSound.mp3 */ = {isa = PBXFileReference; lastKnownFileType = audio.mp3; name = WinSound.mp3; path = ../WinSound.mp3; sourceTree = "<group>"; };
		ECF1A9FC1C2059FC005829A0 /* GameKit.framework */ = {isa = PBXFileReference; lastKnownFileType = wrapper.framework; name = GameKit.framework; path = System/Library/Frameworks/GameKit.framework; sourceTree = SDKROOT; };
		ECF1A9FE1C205B3B005829A0 /* gameCenterFiles.h */ = {isa = PBXFileReference; fileEncoding = 4; lastKnownFileType = sourcecode.c.h; name = gameCenterFiles.h; path = ../gameCenterFiles.h; sourceTree = "<group>"; };
		ECF1A9FF1C205B3B005829A0 /* gameCenterFiles.m */ = {isa = PBXFileReference; fileEncoding = 4; lastKnownFileType = sourcecode.c.objc; name = gameCenterFiles.m; path = ../gameCenterFiles.m; sourceTree = "<group>"; };
		ECFB9CC21C1DE3A5008A3E96 /* izbornik.png */ = {isa = PBXFileReference; lastKnownFileType = image.png; path = izbornik.png; sourceTree = "<group>"; };
		ECFB9CC41C1DE448008A3E96 /* play.png */ = {isa = PBXFileReference; lastKnownFileType = image.png; path = play.png; sourceTree = "<group>"; };
		ECFB9CC81C1DE7A3008A3E96 /* leaderboard.png */ = {isa = PBXFileReference; lastKnownFileType = image.png; path = leaderboard.png; sourceTree = "<group>"; };
		ECFB9CCA1C1DEA0C008A3E96 /* youLose.png */ = {isa = PBXFileReference; lastKnownFileType = image.png; path = youLose.png; sourceTree = "<group>"; };
		ECFB9CCC1C1DEBE6008A3E96 /* youWin.png */ = {isa = PBXFileReference; lastKnownFileType = image.png; path = youWin.png; sourceTree = "<group>"; };
		ECFB9CCE1C1DEEB1008A3E96 /* next.png */ = {isa = PBXFileReference; lastKnownFileType = image.png; path = next.png; sourceTree = "<group>"; };
/* End PBXFileReference section */

/* Begin PBXFrameworksBuildPhase section */
		EC678F8B1C1891FD003D80D4 /* Frameworks */ = {
			isa = PBXFrameworksBuildPhase;
			buildActionMask = 2147483647;
			files = (
				EC7B68D31C23444200239879 /* Twitter.framework in Frameworks */,
				EC7B68D11C2343BB00239879 /* Social.framework in Frameworks */,
				EC5AF9621C21BB3A00542C1B /* iAd.framework in Frameworks */,
				ECE107001C206D8100437EE3 /* AVFoundation.framework in Frameworks */,
				ECF1A9FD1C2059FC005829A0 /* GameKit.framework in Frameworks */,
			);
			runOnlyForDeploymentPostprocessing = 0;
		};
		EC678FA91C1891FD003D80D4 /* Frameworks */ = {
			isa = PBXFrameworksBuildPhase;
			buildActionMask = 2147483647;
			files = (
			);
			runOnlyForDeploymentPostprocessing = 0;
		};
		EC678FB41C1891FD003D80D4 /* Frameworks */ = {
			isa = PBXFrameworksBuildPhase;
			buildActionMask = 2147483647;
			files = (
			);
			runOnlyForDeploymentPostprocessing = 0;
		};
/* End PBXFrameworksBuildPhase section */

/* Begin PBXGroup section */
		EC62F11E1C18BD9A00B5657C /* slike */ = {
			isa = PBXGroup;
			children = (
				EC7B68CC1C2326E600239879 /* twiter.png */,
				EC7B68CE1C2326EF00239879 /* facebook.png */,
				ECDE211E1C1F65740031CE5F /* puff.png */,
				ECDE21221C1F77220031CE5F /* sjena.png */,
				EC6AB5791C1F1A920023C80A /* kokaPala1.png */,
				EC6AB57A1C1F1A920023C80A /* kokaPala2.png */,
				EC6AB57B1C1F1A920023C80A /* kokaPala3.png */,
				EC6AB57C1C1F1A920023C80A /* kokaPala4.png */,
				EC17B5361C1C82DB0031980E /* trava.png */,
				ECDE21141C1DF2DE0031CE5F /* oblak1.png */,
				ECDE21151C1DF2DE0031CE5F /* oblak2.png */,
				ECDE21161C1DF2DE0031CE5F /* oblak3.png */,
				ECDE21201C1F76360031CE5F /* oblak4.png */,
				ECDE21181C1DF2DE0031CE5F /* oblak5.png */,
				ECDE20DD1C1CAA110031CE5F /* ograda.png */,
				ECFB9CCA1C1DEA0C008A3E96 /* youLose.png */,
				ECFB9CCC1C1DEBE6008A3E96 /* youWin.png */,
				ECFB9CCE1C1DEEB1008A3E96 /* next.png */,
				ECFB9CC81C1DE7A3008A3E96 /* leaderboard.png */,
				ECFB9CC41C1DE448008A3E96 /* play.png */,
				ECFB9CC21C1DE3A5008A3E96 /* izbornik.png */,
				EC17B5381C1C866B0031980E /* start.png */,
				EC17B5341C1C815F0031980E /* kucica.png */,
				EC5CA55C1C1C3E2D00F3A4A1 /* podloga2.png */,
				EC62F1311C19DD2200B5657C /* zjenice.png */,
				EC62F12F1C19DD1900B5657C /* glavaKoke.png */,
				EC62F1281C19C12400B5657C /* kokaSjedi.png */,
				EC62F11C1C18BD9100B5657C /* crvenaTipka1.png */,
				EC62F1231C18ECB300B5657C /* kokosinjac2.png */,
				EC62F1211C18EA4500B5657C /* gnijezdo.png */,
				EC62F12B1C19CF2E00B5657C /* dim.sks */,
				EC62F12C1C19CF2E00B5657C /* spark.png */,
				EC62F1331C1B31B300B5657C /* kokaLeti0.png */,
				EC62F1341C1B31B300B5657C /* kokaLeti1.png */,
				EC62F1351C1B31B300B5657C /* kokaLeti2.png */,
				EC62F1361C1B31B300B5657C /* kokaLeti3.png */,
				EC62F1371C1B31B300B5657C /* kokaLeti4.png */,
				EC62F1381C1B31B300B5657C /* kokaLeti5.png */,
				EC62F13F1C1B31D000B5657C /* kokaCupka0.png */,
				EC62F1401C1B31D000B5657C /* kokaCupka1.png */,
				EC62F1411C1B31D000B5657C /* kokaCupka2.png */,
				EC62F1421C1B31D000B5657C /* kokaCupka3.png */,
				EC62F1431C1B31D000B5657C /* kokaCupka4.png */,
			);
			name = slike;
			sourceTree = "<group>";
		};
		EC678F851C1891FD003D80D4 = {
			isa = PBXGroup;
			children = (
				EC7B68D21C23444200239879 /* Twitter.framework */,
				EC7B68D01C2343BB00239879 /* Social.framework */,
				EC5AF9611C21BB3A00542C1B /* iAd.framework */,
				ECE106FF1C206D8100437EE3 /* AVFoundation.framework */,
				ECF1A9FC1C2059FC005829A0 /* GameKit.framework */,
				EC62F11E1C18BD9A00B5657C /* slike */,
				EC678F901C1891FD003D80D4 /* HighChicken */,
				EC678FAF1C1891FD003D80D4 /* HighChickenTests */,
				EC678FBA1C1891FD003D80D4 /* HighChickenUITests */,
				EC678F8F1C1891FD003D80D4 /* Products */,
			);
			sourceTree = "<group>";
		};
		EC678F8F1C1891FD003D80D4 /* Products */ = {
			isa = PBXGroup;
			children = (
				EC678F8E1C1891FD003D80D4 /* HighChicken.app */,
				EC678FAC1C1891FD003D80D4 /* HighChickenTests.xctest */,
				EC678FB71C1891FD003D80D4 /* HighChickenUITests.xctest */,
			);
			name = Products;
			sourceTree = "<group>";
		};
		EC678F901C1891FD003D80D4 /* HighChicken */ = {
			isa = PBXGroup;
			children = (
				EC678F941C1891FD003D80D4 /* AppDelegate.h */,
				EC678F951C1891FD003D80D4 /* AppDelegate.m */,
				EC678F971C1891FD003D80D4 /* GameScene.h */,
				EC678F981C1891FD003D80D4 /* GameScene.m */,
				EC678F9A1C1891FD003D80D4 /* GameScene.sks */,
				EC678F9C1C1891FD003D80D4 /* GameViewController.h */,
				EC678F9D1C1891FD003D80D4 /* GameViewController.m */,
				EC678F9F1C1891FD003D80D4 /* Main.storyboard */,
				EC678FC91C18BA07003D80D4 /* igraScena.h */,
				EC678FCA1C18BA07003D80D4 /* igraScena.m */,
				ECF1A9FE1C205B3B005829A0 /* gameCenterFiles.h */,
				ECF1A9FF1C205B3B005829A0 /* gameCenterFiles.m */,
				EC678FA21C1891FD003D80D4 /* Assets.xcassets */,
				EC678FA41C1891FD003D80D4 /* LaunchScreen.storyboard */,
				EC678FA71C1891FD003D80D4 /* Info.plist */,
				EC678F911C1891FD003D80D4 /* Supporting Files */,
			);
			path = HighChicken;
			sourceTree = "<group>";
		};
		EC678F911C1891FD003D80D4 /* Supporting Files */ = {
			isa = PBXGroup;
			children = (
				ECE107071C208E5000437EE3 /* GameOverSound.mp3 */,
				ECE107081C208E5000437EE3 /* let.mp3 */,
				ECE107091C208E5000437EE3 /* Rege.mp3 */,
				ECE1070A1C208E5000437EE3 /* WinSound.mp3 */,
				EC5AF9631C246D3A00542C1B /* chickenCrashSound.wav */,
				EC678F921C1891FD003D80D4 /* main.m */,
			);
			name = "Supporting Files";
			sourceTree = "<group>";
		};
		EC678FAF1C1891FD003D80D4 /* HighChickenTests */ = {
			isa = PBXGroup;
			children = (
				EC678FB01C1891FD003D80D4 /* HighChickenTests.m */,
				EC678FB21C1891FD003D80D4 /* Info.plist */,
			);
			path = HighChickenTests;
			sourceTree = "<group>";
		};
		EC678FBA1C1891FD003D80D4 /* HighChickenUITests */ = {
			isa = PBXGroup;
			children = (
				EC678FBB1C1891FD003D80D4 /* HighChickenUITests.m */,
				EC678FBD1C1891FD003D80D4 /* Info.plist */,
			);
			path = HighChickenUITests;
			sourceTree = "<group>";
		};
/* End PBXGroup section */

/* Begin PBXNativeTarget section */
		EC678F8D1C1891FD003D80D4 /* HighChicken */ = {
			isa = PBXNativeTarget;
			buildConfigurationList = EC678FC01C1891FD003D80D4 /* Build configuration list for PBXNativeTarget "HighChicken" */;
			buildPhases = (
				EC678F8A1C1891FD003D80D4 /* Sources */,
				EC678F8B1C1891FD003D80D4 /* Frameworks */,
				EC678F8C1C1891FD003D80D4 /* Resources */,
			);
			buildRules = (
			);
			dependencies = (
			);
			name = HighChicken;
			productName = HighChicken;
			productReference = EC678F8E1C1891FD003D80D4 /* HighChicken.app */;
			productType = "com.apple.product-type.application";
		};
		EC678FAB1C1891FD003D80D4 /* HighChickenTests */ = {
			isa = PBXNativeTarget;
			buildConfigurationList = EC678FC31C1891FD003D80D4 /* Build configuration list for PBXNativeTarget "HighChickenTests" */;
			buildPhases = (
				EC678FA81C1891FD003D80D4 /* Sources */,
				EC678FA91C1891FD003D80D4 /* Frameworks */,
				EC678FAA1C1891FD003D80D4 /* Resources */,
			);
			buildRules = (
			);
			dependencies = (
				EC678FAE1C1891FD003D80D4 /* PBXTargetDependency */,
			);
			name = HighChickenTests;
			productName = HighChickenTests;
			productReference = EC678FAC1C1891FD003D80D4 /* HighChickenTests.xctest */;
			productType = "com.apple.product-type.bundle.unit-test";
		};
		EC678FB61C1891FD003D80D4 /* HighChickenUITests */ = {
			isa = PBXNativeTarget;
			buildConfigurationList = EC678FC61C1891FD003D80D4 /* Build configuration list for PBXNativeTarget "HighChickenUITests" */;
			buildPhases = (
				EC678FB31C1891FD003D80D4 /* Sources */,
				EC678FB41C1891FD003D80D4 /* Frameworks */,
				EC678FB51C1891FD003D80D4 /* Resources */,
			);
			buildRules = (
			);
			dependencies = (
				EC678FB91C1891FD003D80D4 /* PBXTargetDependency */,
			);
			name = HighChickenUITests;
			productName = HighChickenUITests;
			productReference = EC678FB71C1891FD003D80D4 /* HighChickenUITests.xctest */;
			productType = "com.apple.product-type.bundle.ui-testing";
		};
/* End PBXNativeTarget section */

/* Begin PBXProject section */
		EC678F861C1891FD003D80D4 /* Project object */ = {
			isa = PBXProject;
			attributes = {
				LastUpgradeCheck = 0720;
				ORGANIZATIONNAME = "Anton Orzes";
				TargetAttributes = {
					EC678F8D1C1891FD003D80D4 = {
						CreatedOnToolsVersion = 7.2;
						DevelopmentTeam = 8Z7M987K48;
						SystemCapabilities = {
							com.apple.GameCenter = {
								enabled = 1;
							};
						};
					};
					EC678FAB1C1891FD003D80D4 = {
						CreatedOnToolsVersion = 7.2;
						TestTargetID = EC678F8D1C1891FD003D80D4;
					};
					EC678FB61C1891FD003D80D4 = {
						CreatedOnToolsVersion = 7.2;
						TestTargetID = EC678F8D1C1891FD003D80D4;
					};
				};
			};
			buildConfigurationList = EC678F891C1891FD003D80D4 /* Build configuration list for PBXProject "HighChicken" */;
			compatibilityVersion = "Xcode 3.2";
			developmentRegion = English;
			hasScannedForEncodings = 0;
			knownRegions = (
				en,
				Base,
			);
			mainGroup = EC678F851C1891FD003D80D4;
			productRefGroup = EC678F8F1C1891FD003D80D4 /* Products */;
			projectDirPath = "";
			projectRoot = "";
			targets = (
				EC678F8D1C1891FD003D80D4 /* HighChicken */,
				EC678FAB1C1891FD003D80D4 /* HighChickenTests */,
				EC678FB61C1891FD003D80D4 /* HighChickenUITests */,
			);
		};
/* End PBXProject section */

/* Begin PBXResourcesBuildPhase section */
		EC678F8C1C1891FD003D80D4 /* Resources */ = {
			isa = PBXResourcesBuildPhase;
			buildActionMask = 2147483647;
			files = (
				EC62F1471C1B31D000B5657C /* kokaCupka3.png in Resources */,
				EC62F12E1C19CF2E00B5657C /* spark.png in Resources */,
				ECFB9CCD1C1DEBE6008A3E96 /* youWin.png in Resources */,
				EC62F13B1C1B31B300B5657C /* kokaLeti2.png in Resources */,
				EC6AB5801C1F1A920023C80A /* kokaPala4.png in Resources */,
				EC62F13A1C1B31B300B5657C /* kokaLeti1.png in Resources */,
				EC17B5351C1C815F0031980E /* kucica.png in Resources */,
				EC6AB57D1C1F1A920023C80A /* kokaPala1.png in Resources */,
				EC62F1301C19DD1900B5657C /* glavaKoke.png in Resources */,
				ECE1070D1C208E5000437EE3 /* Rege.mp3 in Resources */,
				EC17B5391C1C866B0031980E /* start.png in Resources */,
				ECDE21231C1F77220031CE5F /* sjena.png in Resources */,
				EC62F1451C1B31D000B5657C /* kokaCupka1.png in Resources */,
				ECDE211F1C1F65740031CE5F /* puff.png in Resources */,
				EC7B68CD1C2326E600239879 /* twiter.png in Resources */,
				ECDE20DE1C1CAA110031CE5F /* ograda.png in Resources */,
				EC62F1321C19DD2200B5657C /* zjenice.png in Resources */,
				ECDE21211C1F76360031CE5F /* oblak4.png in Resources */,
				ECE1070B1C208E5000437EE3 /* GameOverSound.mp3 in Resources */,
				ECDE211B1C1DF2DE0031CE5F /* oblak3.png in Resources */,
				EC678F9B1C1891FD003D80D4 /* GameScene.sks in Resources */,
				ECFB9CC31C1DE3A5008A3E96 /* izbornik.png in Resources */,
				EC7B68CF1C2326EF00239879 /* facebook.png in Resources */,
				ECFB9CC51C1DE448008A3E96 /* play.png in Resources */,
				EC6AB57F1C1F1A920023C80A /* kokaPala3.png in Resources */,
				EC62F1391C1B31B300B5657C /* kokaLeti0.png in Resources */,
				EC62F13C1C1B31B300B5657C /* kokaLeti3.png in Resources */,
				ECFB9CCB1C1DEA0C008A3E96 /* youLose.png in Resources */,
				EC62F13D1C1B31B300B5657C /* kokaLeti4.png in Resources */,
				EC678FA61C1891FD003D80D4 /* LaunchScreen.storyboard in Resources */,
				ECDE211D1C1DF2DE0031CE5F /* oblak5.png in Resources */,
				EC17B5371C1C82DB0031980E /* trava.png in Resources */,
				EC62F1241C18ECB300B5657C /* kokosinjac2.png in Resources */,
				EC62F1481C1B31D000B5657C /* kokaCupka4.png in Resources */,
				EC62F11D1C18BD9100B5657C /* crvenaTipka1.png in Resources */,
				EC62F12D1C19CF2E00B5657C /* dim.sks in Resources */,
				EC5AF9641C246D3A00542C1B /* chickenCrashSound.wav in Resources */,
				ECDE211A1C1DF2DE0031CE5F /* oblak2.png in Resources */,
				ECDE21191C1DF2DE0031CE5F /* oblak1.png in Resources */,
				EC5CA55D1C1C3E2D00F3A4A1 /* podloga2.png in Resources */,
				EC62F13E1C1B31B300B5657C /* kokaLeti5.png in Resources */,
				EC6AB57E1C1F1A920023C80A /* kokaPala2.png in Resources */,
				EC62F1461C1B31D000B5657C /* kokaCupka2.png in Resources */,
				EC678FA31C1891FD003D80D4 /* Assets.xcassets in Resources */,
				EC62F1221C18EA4500B5657C /* gnijezdo.png in Resources */,
				ECFB9CCF1C1DEEB1008A3E96 /* next.png in Resources */,
				EC62F12A1C19C12400B5657C /* kokaSjedi.png in Resources */,
				EC62F1441C1B31D000B5657C /* kokaCupka0.png in Resources */,
				ECE1070E1C208E5000437EE3 /* WinSound.mp3 in Resources */,
				ECFB9CC91C1DE7A3008A3E96 /* leaderboard.png in Resources */,
				EC678FA11C1891FD003D80D4 /* Main.storyboard in Resources */,
				ECE1070C1C208E5000437EE3 /* let.mp3 in Resources */,
			);
			runOnlyForDeploymentPostprocessing = 0;
		};
		EC678FAA1C1891FD003D80D4 /* Resources */ = {
			isa = PBXResourcesBuildPhase;
			buildActionMask = 2147483647;
			files = (
			);
			runOnlyForDeploymentPostprocessing = 0;
		};
		EC678FB51C1891FD003D80D4 /* Resources */ = {
			isa = PBXResourcesBuildPhase;
			buildActionMask = 2147483647;
			files = (
			);
			runOnlyForDeploymentPostprocessing = 0;
		};
/* End PBXResourcesBuildPhase section */

/* Begin PBXSourcesBuildPhase section */
		EC678F8A1C1891FD003D80D4 /* Sources */ = {
			isa = PBXSourcesBuildPhase;
			buildActionMask = 2147483647;
			files = (
				ECF1AA001C205B3B005829A0 /* gameCenterFiles.m in Sources */,
				EC678F9E1C1891FD003D80D4 /* GameViewController.m in Sources */,
				EC678FCB1C18BA07003D80D4 /* igraScena.m in Sources */,
				EC678F961C1891FD003D80D4 /* AppDelegate.m in Sources */,
				EC678F991C1891FD003D80D4 /* GameScene.m in Sources */,
				EC678F931C1891FD003D80D4 /* main.m in Sources */,
			);
			runOnlyForDeploymentPostprocessing = 0;
		};
		EC678FA81C1891FD003D80D4 /* Sources */ = {
			isa = PBXSourcesBuildPhase;
			buildActionMask = 2147483647;
			files = (
				EC678FB11C1891FD003D80D4 /* HighChickenTests.m in Sources */,
			);
			runOnlyForDeploymentPostprocessing = 0;
		};
		EC678FB31C1891FD003D80D4 /* Sources */ = {
			isa = PBXSourcesBuildPhase;
			buildActionMask = 2147483647;
			files = (
				EC678FBC1C1891FD003D80D4 /* HighChickenUITests.m in Sources */,
			);
			runOnlyForDeploymentPostprocessing = 0;
		};
/* End PBXSourcesBuildPhase section */

/* Begin PBXTargetDependency section */
		EC678FAE1C1891FD003D80D4 /* PBXTargetDependency */ = {
			isa = PBXTargetDependency;
			target = EC678F8D1C1891FD003D80D4 /* HighChicken */;
			targetProxy = EC678FAD1C1891FD003D80D4 /* PBXContainerItemProxy */;
		};
		EC678FB91C1891FD003D80D4 /* PBXTargetDependency */ = {
			isa = PBXTargetDependency;
			target = EC678F8D1C1891FD003D80D4 /* HighChicken */;
			targetProxy = EC678FB81C1891FD003D80D4 /* PBXContainerItemProxy */;
		};
/* End PBXTargetDependency section */

/* Begin PBXVariantGroup section */
		EC678F9F1C1891FD003D80D4 /* Main.storyboard */ = {
			isa = PBXVariantGroup;
			children = (
				EC678FA01C1891FD003D80D4 /* Base */,
			);
			name = Main.storyboard;
			sourceTree = "<group>";
		};
		EC678FA41C1891FD003D80D4 /* LaunchScreen.storyboard */ = {
			isa = PBXVariantGroup;
			children = (
				EC678FA51C1891FD003D80D4 /* Base */,
			);
			name = LaunchScreen.storyboard;
			sourceTree = "<group>";
		};
/* End PBXVariantGroup section */

/* Begin XCBuildConfiguration section */
		EC678FBE1C1891FD003D80D4 /* Debug */ = {
			isa = XCBuildConfiguration;
			buildSettings = {
				ALWAYS_SEARCH_USER_PATHS = NO;
				CLANG_CXX_LANGUAGE_STANDARD = "gnu++0x";
				CLANG_CXX_LIBRARY = "libc++";
				CLANG_ENABLE_MODULES = YES;
				CLANG_ENABLE_OBJC_ARC = YES;
				CLANG_WARN_BOOL_CONVERSION = YES;
				CLANG_WARN_CONSTANT_CONVERSION = YES;
				CLANG_WARN_DIRECT_OBJC_ISA_USAGE = YES_ERROR;
				CLANG_WARN_EMPTY_BODY = YES;
				CLANG_WARN_ENUM_CONVERSION = YES;
				CLANG_WARN_INT_CONVERSION = YES;
				CLANG_WARN_OBJC_ROOT_CLASS = YES_ERROR;
				CLANG_WARN_UNREACHABLE_CODE = YES;
				CLANG_WARN__DUPLICATE_METHOD_MATCH = YES;
				"CODE_SIGN_IDENTITY[sdk=iphoneos*]" = "iPhone Developer";
				COPY_PHASE_STRIP = NO;
				DEBUG_INFORMATION_FORMAT = "dwarf-with-dsym";
				ENABLE_STRICT_OBJC_MSGSEND = YES;
				ENABLE_TESTABILITY = YES;
				GCC_C_LANGUAGE_STANDARD = gnu99;
				GCC_DYNAMIC_NO_PIC = NO;
				GCC_NO_COMMON_BLOCKS = YES;
				GCC_OPTIMIZATION_LEVEL = 0;
				GCC_PREPROCESSOR_DEFINITIONS = (
					"DEBUG=1",
					"$(inherited)",
				);
				GCC_WARN_64_TO_32_BIT_CONVERSION = YES;
				GCC_WARN_ABOUT_RETURN_TYPE = YES_ERROR;
				GCC_WARN_UNDECLARED_SELECTOR = YES;
				GCC_WARN_UNINITIALIZED_AUTOS = YES_AGGRESSIVE;
				GCC_WARN_UNUSED_FUNCTION = YES;
				GCC_WARN_UNUSED_VARIABLE = YES;
				IPHONEOS_DEPLOYMENT_TARGET = 9.2;
				MTL_ENABLE_DEBUG_INFO = YES;
				ONLY_ACTIVE_ARCH = YES;
				SDKROOT = iphoneos;
				TARGETED_DEVICE_FAMILY = "1,2";
			};
			name = Debug;
		};
		EC678FBF1C1891FD003D80D4 /* Release */ = {
			isa = XCBuildConfiguration;
			buildSettings = {
				ALWAYS_SEARCH_USER_PATHS = NO;
				CLANG_CXX_LANGUAGE_STANDARD = "gnu++0x";
				CLANG_CXX_LIBRARY = "libc++";
				CLANG_ENABLE_MODULES = YES;
				CLANG_ENABLE_OBJC_ARC = YES;
				CLANG_WARN_BOOL_CONVERSION = YES;
				CLANG_WARN_CONSTANT_CONVERSION = YES;
				CLANG_WARN_DIRECT_OBJC_ISA_USAGE = YES_ERROR;
				CLANG_WARN_EMPTY_BODY = YES;
				CLANG_WARN_ENUM_CONVERSION = YES;
				CLANG_WARN_INT_CONVERSION = YES;
				CLANG_WARN_OBJC_ROOT_CLASS = YES_ERROR;
				CLANG_WARN_UNREACHABLE_CODE = YES;
				CLANG_WARN__DUPLICATE_METHOD_MATCH = YES;
				"CODE_SIGN_IDENTITY[sdk=iphoneos*]" = "iPhone Developer";
				COPY_PHASE_STRIP = NO;
				DEBUG_INFORMATION_FORMAT = "dwarf-with-dsym";
				ENABLE_NS_ASSERTIONS = NO;
				ENABLE_STRICT_OBJC_MSGSEND = YES;
				GCC_C_LANGUAGE_STANDARD = gnu99;
				GCC_NO_COMMON_BLOCKS = YES;
				GCC_WARN_64_TO_32_BIT_CONVERSION = YES;
				GCC_WARN_ABOUT_RETURN_TYPE = YES_ERROR;
				GCC_WARN_UNDECLARED_SELECTOR = YES;
				GCC_WARN_UNINITIALIZED_AUTOS = YES_AGGRESSIVE;
				GCC_WARN_UNUSED_FUNCTION = YES;
				GCC_WARN_UNUSED_VARIABLE = YES;
				IPHONEOS_DEPLOYMENT_TARGET = 9.2;
				MTL_ENABLE_DEBUG_INFO = NO;
				SDKROOT = iphoneos;
				TARGETED_DEVICE_FAMILY = "1,2";
				VALIDATE_PRODUCT = YES;
			};
			name = Release;
		};
		EC678FC11C1891FD003D80D4 /* Debug */ = {
			isa = XCBuildConfiguration;
			buildSettings = {
				ASSETCATALOG_COMPILER_APPICON_NAME = AppIcon;
				CODE_SIGN_IDENTITY = "iPhone Developer";
				"CODE_SIGN_IDENTITY[sdk=iphoneos*]" = "iPhone Developer";
				INFOPLIST_FILE = HighChicken/Info.plist;
				IPHONEOS_DEPLOYMENT_TARGET = 8.0;
				LD_RUNPATH_SEARCH_PATHS = "$(inherited) @executable_path/Frameworks";
				PRODUCT_BUNDLE_IDENTIFIER = HighChicken;
				PRODUCT_NAME = "$(TARGET_NAME)";
				PROVISIONING_PROFILE = "";
			};
			name = Debug;
		};
		EC678FC21C1891FD003D80D4 /* Release */ = {
			isa = XCBuildConfiguration;
			buildSettings = {
				ASSETCATALOG_COMPILER_APPICON_NAME = AppIcon;
				CODE_SIGN_IDENTITY = "iPhone Developer";
				"CODE_SIGN_IDENTITY[sdk=iphoneos*]" = "iPhone Developer";
				INFOPLIST_FILE = HighChicken/Info.plist;
				IPHONEOS_DEPLOYMENT_TARGET = 8.0;
				LD_RUNPATH_SEARCH_PATHS = "$(inherited) @executable_path/Frameworks";
				PRODUCT_BUNDLE_IDENTIFIER = HighChicken;
				PRODUCT_NAME = "$(TARGET_NAME)";
				PROVISIONING_PROFILE = "";
			};
			name = Release;
		};
		EC678FC41C1891FD003D80D4 /* Debug */ = {
			isa = XCBuildConfiguration;
			buildSettings = {
				BUNDLE_LOADER = "$(TEST_HOST)";
				DEBUG_INFORMATION_FORMAT = dwarf;
				INFOPLIST_FILE = HighChickenTests/Info.plist;
				LD_RUNPATH_SEARCH_PATHS = "$(inherited) @executable_path/Frameworks @loader_path/Frameworks";
				PRODUCT_BUNDLE_IDENTIFIER = orzes.HighChickenTests;
				PRODUCT_NAME = "$(TARGET_NAME)";
				TEST_HOST = "$(BUILT_PRODUCTS_DIR)/HighChicken.app/HighChicken";
			};
			name = Debug;
		};
		EC678FC51C1891FD003D80D4 /* Release */ = {
			isa = XCBuildConfiguration;
			buildSettings = {
				BUNDLE_LOADER = "$(TEST_HOST)";
				INFOPLIST_FILE = HighChickenTests/Info.plist;
				LD_RUNPATH_SEARCH_PATHS = "$(inherited) @executable_path/Frameworks @loader_path/Frameworks";
				PRODUCT_BUNDLE_IDENTIFIER = orzes.HighChickenTests;
				PRODUCT_NAME = "$(TARGET_NAME)";
				TEST_HOST = "$(BUILT_PRODUCTS_DIR)/HighChicken.app/HighChicken";
			};
			name = Release;
		};
		EC678FC71C1891FD003D80D4 /* Debug */ = {
			isa = XCBuildConfiguration;
			buildSettings = {
				DEBUG_INFORMATION_FORMAT = dwarf;
				INFOPLIST_FILE = HighChickenUITests/Info.plist;
				LD_RUNPATH_SEARCH_PATHS = "$(inherited) @executable_path/Frameworks @loader_path/Frameworks";
				PRODUCT_BUNDLE_IDENTIFIER = orzes.HighChickenUITests;
				PRODUCT_NAME = "$(TARGET_NAME)";
				TEST_TARGET_NAME = HighChicken;
				USES_XCTRUNNER = YES;
			};
			name = Debug;
		};
		EC678FC81C1891FD003D80D4 /* Release */ = {
			isa = XCBuildConfiguration;
			buildSettings = {
				INFOPLIST_FILE = HighChickenUITests/Info.plist;
				LD_RUNPATH_SEARCH_PATHS = "$(inherited) @executable_path/Frameworks @loader_path/Frameworks";
				PRODUCT_BUNDLE_IDENTIFIER = orzes.HighChickenUITests;
				PRODUCT_NAME = "$(TARGET_NAME)";
				TEST_TARGET_NAME = HighChicken;
				USES_XCTRUNNER = YES;
			};
			name = Release;
		};
/* End XCBuildConfiguration section */

/* Begin XCConfigurationList section */
		EC678F891C1891FD003D80D4 /* Build configuration list for PBXProject "HighChicken" */ = {
			isa = XCConfigurationList;
			buildConfigurations = (
				EC678FBE1C1891FD003D80D4 /* Debug */,
				EC678FBF1C1891FD003D80D4 /* Release */,
			);
			defaultConfigurationIsVisible = 0;
			defaultConfigurationName = Release;
		};
		EC678FC01C1891FD003D80D4 /* Build configuration list for PBXNativeTarget "HighChicken" */ = {
			isa = XCConfigurationList;
			buildConfigurations = (
				EC678FC11C1891FD003D80D4 /* Debug */,
				EC678FC21C1891FD003D80D4 /* Release */,
			);
			defaultConfigurationIsVisible = 0;
			defaultConfigurationName = Release;
		};
		EC678FC31C1891FD003D80D4 /* Build configuration list for PBXNativeTarget "HighChickenTests" */ = {
			isa = XCConfigurationList;
			buildConfigurations = (
				EC678FC41C1891FD003D80D4 /* Debug */,
				EC678FC51C1891FD003D80D4 /* Release */,
			);
			defaultConfigurationIsVisible = 0;
			defaultConfigurationName = Release;
		};
		EC678FC61C1891FD003D80D4 /* Build configuration list for PBXNativeTarget "HighChickenUITests" */ = {
			isa = XCConfigurationList;
			buildConfigurations = (
				EC678FC71C1891FD003D80D4 /* Debug */,
				EC678FC81C1891FD003D80D4 /* Release */,
			);
			defaultConfigurationIsVisible = 0;
			defaultConfigurationName = Release;
		};
/* End XCConfigurationList section */
	};
	rootObject = EC678F861C1891FD003D80D4 /* Project object */;
}
